# This file is automatically @generated by Cargo.
# It is not intended for manual editing.
version = 4

[[package]]
name = "links-notation"
version = "0.13.0"
source = "registry+https://github.com/rust-lang/crates.io-index"
checksum = "e4c952b42a8c6ff6f849d7cafe3b1e13f1063a51bbb144bc6c62026ab327814c"
dependencies = [
 "nom",
]

[[package]]
name = "lino-transformer"
version = "0.1.0"
dependencies = [
 "links-notation",
]

[[package]]
name = "memchr"
version = "2.8.3"
source = "registry+https://github.com/rust-lang/crates.io-index"
checksum = "cf8baf1c55e62ffcace7a9f06f4bd9cd3f0c4beb022d3b367256b91b87513d98"

[[package]]
name = "nom"
version = "8.0.0"
source = "registry+https://github.com/rust-lang/crates.io-index"
checksum = "df9761775871bdef83bee530e60050f7e54b1105350d6884eb0fb4f46c2f9405"
dependencies = [
 "memchr",
]
